// !$*UTF8*$!
{
	archiveVersion = 1;
	classes = {
	};
	objectVersion = 110;
	objects = {

/* Begin PBXBuildFile section */
		0023C1B030657564000ED0A3 /* Pixel Helper Extension.appex in Embed Foundation Extensions */ = {isa = PBXBuildFile; fileRef = 0023C1AF30657564000ED0A3 /* Pixel Helper Extension.appex */; settings = {ATTRIBUTES = (RemoveHeadersOnCopy, ); }; };
		0023C1BA30657564000ED0A3 /* Pixel Helper Extension.appex in Embed Foundation Extensions */ = {isa = PBXBuildFile; fileRef = 0023C1B930657564000ED0A3 /* Pixel Helper Extension.appex */; settings = {ATTRIBUTES = (RemoveHeadersOnCopy, ); }; };
/* End PBXBuildFile section */

/* Begin PBXContainerItemProxy section */
		0023C1B130657564000ED0A3 /* PBXContainerItemProxy */ = {
			isa = PBXContainerItemProxy;
			containerPortal = 0023C17630657563000ED0A3 /* Project object */;
			proxyType = 1;
			remoteGlobalIDString = 0023C1AE30657564000ED0A3;
			remoteInfo = "Pixel Helper Extension (iOS)";
		};
		0023C1BB30657564000ED0A3 /* PBXContainerItemProxy */ = {
			isa = PBXContainerItemProxy;
			containerPortal = 0023C17630657563000ED0A3 /* Project object */;
			proxyType = 1;
			remoteGlobalIDString = 0023C1B830657564000ED0A3;
			remoteInfo = "Pixel Helper Extension (macOS)";
		};
/* End PBXContainerItemProxy section */

/* Begin PBXCopyFilesBuildPhase section */
		0023C1E230657564000ED0A3 /* Embed Foundation Extensions */ = {
			isa = PBXCopyFilesBuildPhase;
			dstPath = "";
			dstSubfolder = PlugIns;
			files = (
				0023C1B030657564000ED0A3 /* Pixel Helper Extension.appex in Embed Foundation Extensions */,
			);
			name = "Embed Foundation Extensions";
		};
		0023C1EC30657564000ED0A3 /* Embed Foundation Extensions */ = {
			isa = PBXCopyFilesBuildPhase;
			dstPath = "";
			dstSubfolder = PlugIns;
			files = (
				0023C1BA30657564000ED0A3 /* Pixel Helper Extension.appex in Embed Foundation Extensions */,
			);
			name = "Embed Foundation Extensions";
		};
/* End PBXCopyFilesBuildPhase section */

/* Begin PBXFileReference section */
		0023C19230657564000ED0A3 /* Pixel Helper.app */ = {isa = PBXFileReference; explicitFileType = wrapper.application; includeInIndex = 0; path = "Pixel Helper.app"; sourceTree = BUILT_PRODUCTS_DIR; };
		0023C1A430657564000ED0A3 /* Pixel Helper.app */ = {isa = PBXFileReference; explicitFileType = wrapper.application; includeInIndex = 0; path = "Pixel Helper.app"; sourceTree = BUILT_PRODUCTS_DIR; };
		0023C1AF30657564000ED0A3 /* Pixel Helper Extension.appex */ = {isa = PBXFileReference; explicitFileType = "wrapper.app-extension"; includeInIndex = 0; path = "Pixel Helper Extension.appex"; sourceTree = BUILT_PRODUCTS_DIR; };
		0023C1B930657564000ED0A3 /* Pixel Helper Extension.appex */ = {isa = PBXFileReference; explicitFileType = "wrapper.app-extension"; includeInIndex = 0; path = "Pixel Helper Extension.appex"; sourceTree = BUILT_PRODUCTS_DIR; };
/* End PBXFileReference section */

/* Begin PBXFileSystemSynchronizedBuildFileExceptionSet section */
		0023C1DD30657564000ED0A3 /* Exceptions for "Shared (App)" folder in "Pixel Helper (iOS)" target */ = {
			isa = PBXFileSystemSynchronizedBuildFileExceptionSet;
			membershipExceptions = (
				"/Localized: Resources/Main.html",
				Assets.xcassets,
				Resources/Icon.png,
				Resources/Script.js,
				Resources/Style.css,
				ViewController.swift,
			);
			target = 0023C19130657564000ED0A3 /* Pixel Helper (iOS) */;
		};
		0023C1E130657564000ED0A3 /* Exceptions for "iOS (Extension)" folder in "Pixel Helper Extension (iOS)" target */ = {
			isa = PBXFileSystemSynchronizedBuildFileExceptionSet;
			membershipExceptions = (
				Info.plist,
			);
			target = 0023C1AE30657564000ED0A3 /* Pixel Helper Extension (iOS) */;
		};
		0023C1E630657564000ED0A3 /* Exceptions for "iOS (App)" folder in "Pixel Helper (iOS)" target */ = {
			isa = PBXFileSystemSynchronizedBuildFileExceptionSet;
			membershipExceptions = (
				Info.plist,
			);
			target = 0023C19130657564000ED0A3 /* Pixel Helper (iOS) */;
		};
		0023C1E730657564000ED0A3 /* Exceptions for "Shared (App)" folder in "Pixel Helper (macOS)" target */ = {
			isa = PBXFileSystemSynchronizedBuildFileExceptionSet;
			membershipExceptions = (
				"/Localized: Resources/Main.html",
				Assets.xcassets,
				Resources/Icon.png,
				Resources/Script.js,
				Resources/Style.css,
				ViewController.swift,
			);
			target = 0023C1A330657564000ED0A3 /* Pixel Helper (macOS) */;
		};
		0023C1EB30657564000ED0A3 /* Exceptions for "macOS (Extension)" folder in "Pixel Helper Extension (macOS)" target */ = {
			isa = PBXFileSystemSynchronizedBuildFileExceptionSet;
			membershipExceptions = (
				Info.plist,
			);
			target = 0023C1B830657564000ED0A3 /* Pixel Helper Extension (macOS) */;
		};
		0023C1F030657564000ED0A3 /* Exceptions for "Shared (Extension)" folder in "Pixel Helper Extension (iOS)" target */ = {
			isa = PBXFileSystemSynchronizedBuildFileExceptionSet;
			membershipExceptions = (
				Resources/_locales,
				Resources/background.js,
				Resources/content.js,
				Resources/images,
				Resources/manifest.json,
				Resources/popup.css,
				Resources/popup.html,
				Resources/popup.js,
				SafariWebExtensionHandler.swift,
			);
			target = 0023C1AE30657564000ED0A3 /* Pixel Helper Extension (iOS) */;
		};
		0023C1F130657564000ED0A3 /* Exceptions for "Shared (Extension)" folder in "Pixel Helper Extension (macOS)" target */ = {
			isa = PBXFileSystemSynchronizedBuildFileExceptionSet;
			membershipExceptions = (
				Resources/_locales,
				Resources/background.js,
				Resources/content.js,
				Resources/images,
				Resources/manifest.json,
				Resources/popup.css,
				Resources/popup.html,
				Resources/popup.js,
				SafariWebExtensionHandler.swift,
			);
			target = 0023C1B830657564000ED0A3 /* Pixel Helper Extension (macOS) */;
		};
/* End PBXFileSystemSynchronizedBuildFileExceptionSet section */

/* Begin PBXFileSystemSynchronizedRootGroup section */
		0023C17A30657564000ED0A3 /* Shared (App) */ = {
			isa = PBXFileSystemSynchronizedRootGroup;
			exceptions = (
				0023C1DD30657564000ED0A3 /* Exceptions for "Shared (App)" folder in "Pixel Helper (iOS)" target */,
				0023C1E730657564000ED0A3 /* Exceptions for "Shared (App)" folder in "Pixel Helper (macOS)" target */,
			);
			path = "Shared (App)";
			sourceTree = "<group>";
		};
		0023C18330657564000ED0A3 /* Shared (Extension) */ = {
			isa = PBXFileSystemSynchronizedRootGroup;
			exceptions = (
				0023C1F030657564000ED0A3 /* Exceptions for "Shared (Extension)" folder in "Pixel Helper Extension (iOS)" target */,
				0023C1F130657564000ED0A3 /* Exceptions for "Shared (Extension)" folder in "Pixel Helper Extension (macOS)" target */,
			);
			explicitFolders = (
				Resources/_locales,
				Resources/images,
			);
			path = "Shared (Extension)";
			sourceTree = "<group>";
		};
		0023C19430657564000ED0A3 /* iOS (App) */ = {
			isa = PBXFileSystemSynchronizedRootGroup;
			exceptions = (
				0023C1E630657564000ED0A3 /* Exceptions for "iOS (App)" folder in "Pixel Helper (iOS)" target */,
			);
			path = "iOS (App)";
			sourceTree = "<group>";
		};
		0023C1A530657564000ED0A3 /* macOS (App) */ = {
			isa = PBXFileSystemSynchronizedRootGroup;
			path = "macOS (App)";
			sourceTree = "<group>";
		};
		0023C1B330657564000ED0A3 /* iOS (Extension) */ = {
			isa = PBXFileSystemSynchronizedRootGroup;
			exceptions = (
				0023C1E130657564000ED0A3 /* Exceptions for "iOS (Extension)" folder in "Pixel Helper Extension (iOS)" target */,
			);
			path = "iOS (Extension)";
			sourceTree = "<group>";
		};
		0023C1BD30657564000ED0A3 /* macOS (Extension) */ = {
			isa = PBXFileSystemSynchronizedRootGroup;
			exceptions = (
				0023C1EB30657564000ED0A3 /* Exceptions for "macOS (Extension)" folder in "Pixel Helper Extension (macOS)" target */,
			);
			path = "macOS (Extension)";
			sourceTree = "<group>";
		};
/* End PBXFileSystemSynchronizedRootGroup section */

/* Begin PBXFrameworksBuildPhase section */
		0023C18F30657564000ED0A3 /* Frameworks */ = {
			isa = PBXFrameworksBuildPhase;
			files = (
			);
		};
		0023C1A130657564000ED0A3 /* Frameworks */ = {
			isa = PBXFrameworksBuildPhase;
			files = (
			);
		};
		0023C1AC30657564000ED0A3 /* Frameworks */ = {
			isa = PBXFrameworksBuildPhase;
			files = (
			);
		};
		0023C1B630657564000ED0A3 /* Frameworks */ = {
			isa = PBXFrameworksBuildPhase;
			files = (
			);
		};
/* End PBXFrameworksBuildPhase section */

/* Begin PBXGroup section */
		0023C17530657563000ED0A3 = {
			isa = PBXGroup;
			children = (
				0023C17A30657564000ED0A3 /* Shared (App) */,
				0023C18330657564000ED0A3 /* Shared (Extension) */,
				0023C19430657564000ED0A3 /* iOS (App) */,
				0023C1A530657564000ED0A3 /* macOS (App) */,
				0023C1B330657564000ED0A3 /* iOS (Extension) */,
				0023C1BD30657564000ED0A3 /* macOS (Extension) */,
				0023C19330657564000ED0A3 /* Products */,
			);
			sourceTree = "<group>";
		};
		0023C19330657564000ED0A3 /* Products */ = {
			isa = PBXGroup;
			children = (
				0023C19230657564000ED0A3 /* Pixel Helper.app */,
				0023C1A430657564000ED0A3 /* Pixel Helper.app */,
				0023C1AF30657564000ED0A3 /* Pixel Helper Extension.appex */,
				0023C1B930657564000ED0A3 /* Pixel Helper Extension.appex */,
			);
			name = Products;
			sourceTree = "<group>";
		};
/* End PBXGroup section */

/* Begin PBXNativeTarget section */
		0023C19130657564000ED0A3 /* Pixel Helper (iOS) */ = {
			isa = PBXNativeTarget;
			buildConfigurationList = 0023C1E330657564000ED0A3 /* Build configuration list for PBXNativeTarget "Pixel Helper (iOS)" */;
			buildPhases = (
				0023C18E30657564000ED0A3 /* Sources */,
				0023C18F30657564000ED0A3 /* Frameworks */,
				0023C19030657564000ED0A3 /* Resources */,
				0023C1E230657564000ED0A3 /* Embed Foundation Extensions */,
			);
			buildRules = (
			);
			dependencies = (
				0023C1B230657564000ED0A3 /* PBXTargetDependency */,
			);
			fileSystemSynchronizedGroups = (
				0023C19430657564000ED0A3 /* iOS (App) */,
			);
			name = "Pixel Helper (iOS)";
			productName = "Pixel Helper (iOS)";
			productReference = 0023C19230657564000ED0A3 /* Pixel Helper.app */;
			productType = "com.apple.product-type.application";
		};
		0023C1A330657564000ED0A3 /* Pixel Helper (macOS) */ = {
			isa = PBXNativeTarget;
			buildConfigurationList = 0023C1ED30657564000ED0A3 /* Build configuration list for PBXNativeTarget "Pixel Helper (macOS)" */;
			buildPhases = (
				0023C1A030657564000ED0A3 /* Sources */,
				0023C1A130657564000ED0A3 /* Frameworks */,
				0023C1A230657564000ED0A3 /* Resources */,
				0023C1EC30657564000ED0A3 /* Embed Foundation Extensions */,
			);
			buildRules = (
			);
			dependencies = (
				0023C1BC30657564000ED0A3 /* PBXTargetDependency */,
			);
			fileSystemSynchronizedGroups = (
				0023C1A530657564000ED0A3 /* macOS (App) */,
			);
			name = "Pixel Helper (macOS)";
			productName = "Pixel Helper (macOS)";
			productReference = 0023C1A430657564000ED0A3 /* Pixel Helper.app */;
			productType = "com.apple.product-type.application";
		};
		0023C1AE30657564000ED0A3 /* Pixel Helper Extension (iOS) */ = {
			isa = PBXNativeTarget;
			buildConfigurationList = 0023C1DE30657564000ED0A3 /* Build configuration list for PBXNativeTarget "Pixel Helper Extension (iOS)" */;
			buildPhases = (
				0023C1AB30657564000ED0A3 /* Sources */,
				0023C1AC30657564000ED0A3 /* Frameworks */,
				0023C1AD30657564000ED0A3 /* Resources */,
			);
			buildRules = (
			);
			fileSystemSynchronizedGroups = (
				0023C1B330657564000ED0A3 /* iOS (Extension) */,
			);
			name = "Pixel Helper Extension (iOS)";
			productName = "Pixel Helper Extension (iOS)";
			productReference = 0023C1AF30657564000ED0A3 /* Pixel Helper Extension.appex */;
			productType = "com.apple.product-type.app-extension";
		};
		0023C1B830657564000ED0A3 /* Pixel Helper Extension (macOS) */ = {
			isa = PBXNativeTarget;
			buildConfigurationList = 0023C1E830657564000ED0A3 /* Build configuration list for PBXNativeTarget "Pixel Helper Extension (macOS)" */;
			buildPhases = (
				0023C1B530657564000ED0A3 /* Sources */,
				0023C1B630657564000ED0A3 /* Frameworks */,
				0023C1B730657564000ED0A3 /* Resources */,
			);
			buildRules = (
			);
			fileSystemSynchronizedGroups = (
				0023C1BD30657564000ED0A3 /* macOS (Extension) */,
			);
			name = "Pixel Helper Extension (macOS)";
			productName = "Pixel Helper Extension (macOS)";
			productReference = 0023C1B930657564000ED0A3 /* Pixel Helper Extension.appex */;
			productType = "com.apple.product-type.app-extension";
		};
/* End PBXNativeTarget section */

/* Begin PBXProject section */
		0023C17630657563000ED0A3 /* Project object */ = {
			isa = PBXProject;
			attributes = {
				BuildIndependentTargetsInParallel = 1;
				LastSwiftUpdateCheck = 2700;
				LastUpgradeCheck = 2700;
				TargetAttributes = {
					0023C19130657564000ED0A3 = {
						CreatedOnToolsVersion = 27.0;
					};
					0023C1A330657564000ED0A3 = {
						CreatedOnToolsVersion = 27.0;
					};
					0023C1AE30657564000ED0A3 = {
						CreatedOnToolsVersion = 27.0;
					};
					0023C1B830657564000ED0A3 = {
						CreatedOnToolsVersion = 27.0;
					};
				};
			};
			buildConfigurationList = 0023C17930657563000ED0A3 /* Build configuration list for PBXProject "Pixel Helper" */;
			developmentRegion = en;
			hasScannedForEncodings = 0;
			knownRegions = (
				en,
				Base,
			);
			mainGroup = 0023C17530657563000ED0A3;
			minimizedProjectReferenceProxies = 1;
			preferredProjectObjectVersion = 77;
			productRefGroup = 0023C19330657564000ED0A3 /* Products */;
			projectDirPath = "";
			projectRoot = "";
			targets = (
				0023C19130657564000ED0A3 /* Pixel Helper (iOS) */,
				0023C1A330657564000ED0A3 /* Pixel Helper (macOS) */,
				0023C1AE30657564000ED0A3 /* Pixel Helper Extension (iOS) */,
				0023C1B830657564000ED0A3 /* Pixel Helper Extension (macOS) */,
			);
		};
/* End PBXProject section */

/* Begin PBXResourcesBuildPhase section */
		0023C19030657564000ED0A3 /* Resources */ = {
			isa = PBXResourcesBuildPhase;
			files = (
			);
		};
		0023C1A230657564000ED0A3 /* Resources */ = {
			isa = PBXResourcesBuildPhase;
			files = (
			);
		};
		0023C1AD30657564000ED0A3 /* Resources */ = {
			isa = PBXResourcesBuildPhase;
			files = (
			);
		};
		0023C1B730657564000ED0A3 /* Resources */ = {
			isa = PBXResourcesBuildPhase;
			files = (
			);
		};
/* End PBXResourcesBuildPhase section */

/* Begin PBXSourcesBuildPhase section */
		0023C18E30657564000ED0A3 /* Sources */ = {
			isa = PBXSourcesBuildPhase;
			files = (
			);
		};
		0023C1A030657564000ED0A3 /* Sources */ = {
			isa = PBXSourcesBuildPhase;
			files = (
			);
		};
		0023C1AB30657564000ED0A3 /* Sources */ = {
			isa = PBXSourcesBuildPhase;
			files = (
			);
		};
		0023C1B530657564000ED0A3 /* Sources */ = {
			isa = PBXSourcesBuildPhase;
			files = (
			);
		};
/* End PBXSourcesBuildPhase section */

/* Begin PBXTargetDependency section */
		0023C1B230657564000ED0A3 /* PBXTargetDependency */ = {
			isa = PBXTargetDependency;
			target = 0023C1AE30657564000ED0A3 /* Pixel Helper Extension (iOS) */;
			targetProxy = 0023C1B130657564000ED0A3 /* PBXContainerItemProxy */;
		};
		0023C1BC30657564000ED0A3 /* PBXTargetDependency */ = {
			isa = PBXTargetDependency;
			target = 0023C1B830657564000ED0A3 /* Pixel Helper Extension (macOS) */;
			targetProxy = 0023C1BB30657564000ED0A3 /* PBXContainerItemProxy */;
		};
/* End PBXTargetDependency section */

/* Begin XCBuildConfiguration section */
		0023C1DF30657564000ED0A3 /* Debug configuration for PBXNativeTarget "Pixel Helper Extension (iOS)" */ = {
			isa = XCBuildConfiguration;
			buildSettings = {
				CODE_SIGN_STYLE = Automatic;
				CURRENT_PROJECT_VERSION = 1;
				GENERATE_INFOPLIST_FILE = YES;
				INFOPLIST_FILE = "iOS (Extension)/Info.plist";
				INFOPLIST_KEY_CFBundleDisplayName = "Pixel Helper Extension";
				INFOPLIST_KEY_NSHumanReadableCopyright = "";
				IPHONEOS_DEPLOYMENT_TARGET = 15.0;
				LD_RUNPATH_SEARCH_PATHS = (
					"$(inherited)",
					"@executable_path/Frameworks",
					"@executable_path/../../Frameworks",
				);
				MARKETING_VERSION = 1.0;
				OTHER_LDFLAGS = (
					"-framework",
					SafariServices,
				);
				PRODUCT_BUNDLE_IDENTIFIER = "com.szamowski.Pixel-Helper.Extension";
				PRODUCT_NAME = "Pixel Helper Extension";
				SDKROOT = iphoneos;
				SKIP_INSTALL = YES;
				STRING_CATALOG_GENERATE_SYMBOLS = YES;
				SWIFT_APPROACHABLE_CONCURRENCY = YES;
				SWIFT_EMIT_LOC_STRINGS = YES;
				SWIFT_UPCOMING_FEATURE_MEMBER_IMPORT_VISIBILITY = YES;
				SWIFT_VERSION = 5.0;
				TARGETED_DEVICE_FAMILY = "1,2";
			};
			name = Debug;
		};
		0023C1E030657564000ED0A3 /* Release configuration for PBXNativeTarget "Pixel Helper Extension (iOS)" */ = {
			isa = XCBuildConfiguration;
			buildSettings = {
				CODE_SIGN_STYLE = Automatic;
				CURRENT_PROJECT_VERSION = 1;
				GENERATE_INFOPLIST_FILE = YES;
				INFOPLIST_FILE = "iOS (Extension)/Info.plist";
				INFOPLIST_KEY_CFBundleDisplayName = "Pixel Helper Extension";
				INFOPLIST_KEY_NSHumanReadableCopyright = "";
				IPHONEOS_DEPLOYMENT_TARGET = 15.0;
				LD_RUNPATH_SEARCH_PATHS = (
					"$(inherited)",
					"@executable_path/Frameworks",
					"@executable_path/../../Frameworks",
				);
				MARKETING_VERSION = 1.0;
				OTHER_LDFLAGS = (
					"-framework",
					SafariServices,
				);
				PRODUCT_BUNDLE_IDENTIFIER = "com.szamowski.Pixel-Helper.Extension";
				PRODUCT_NAME = "Pixel Helper Extension";
				SDKROOT = iphoneos;
				SKIP_INSTALL = YES;
				STRING_CATALOG_GENERATE_SYMBOLS = YES;
				SWIFT_APPROACHABLE_CONCURRENCY = YES;
				SWIFT_EMIT_LOC_STRINGS = YES;
				SWIFT_UPCOMING_FEATURE_MEMBER_IMPORT_VISIBILITY = YES;
				SWIFT_VERSION = 5.0;
				TARGETED_DEVICE_FAMILY = "1,2";
				VALIDATE_PRODUCT = YES;
			};
			name = Release;
		};
		0023C1E430657564000ED0A3 /* Debug configuration for PBXNativeTarget "Pixel Helper (iOS)" */ = {
			isa = XCBuildConfiguration;
			buildSettings = {
				ASSETCATALOG_COMPILER_APPICON_NAME = AppIcon;
				ASSETCATALOG_COMPILER_GLOBAL_ACCENT_COLOR_NAME = AccentColor;
				CODE_SIGN_STYLE = Automatic;
				CURRENT_PROJECT_VERSION = 1;
				GENERATE_INFOPLIST_FILE = YES;
				INFOPLIST_FILE = "iOS (App)/Info.plist";
				INFOPLIST_KEY_CFBundleDisplayName = "Pixel Helper";
				INFOPLIST_KEY_UIApplicationSupportsIndirectInputEvents = YES;
				INFOPLIST_KEY_UILaunchStoryboardName = LaunchScreen;
				INFOPLIST_KEY_UIMainStoryboardFile = Main;
				INFOPLIST_KEY_UISupportedInterfaceOrientations = "UIInterfaceOrientationPortrait UIInterfaceOrientationLandscapeLeft UIInterfaceOrientationLandscapeRight";
				INFOPLIST_KEY_UISupportedInterfaceOrientations_iPad = "UIInterfaceOrientationPortrait UIInterfaceOrientationPortraitUpsideDown UIInterfaceOrientationLandscapeLeft UIInterfaceOrientationLandscapeRight";
				IPHONEOS_DEPLOYMENT_TARGET = 17.0;
				LD_RUNPATH_SEARCH_PATHS = (
					"$(inherited)",
					"@executable_path/Frameworks",
				);
				MARKETING_VERSION = 1.0;
				OTHER_LDFLAGS = (
					"-framework",
					SafariServices,
					"-framework",
					WebKit,
				);
				PRODUCT_BUNDLE_IDENTIFIER = "com.szamowski.Pixel-Helper";
				PRODUCT_NAME = "Pixel Helper";
				SDKROOT = iphoneos;
				STRING_CATALOG_GENERATE_SYMBOLS = YES;
				SWIFT_APPROACHABLE_CONCURRENCY = YES;
				SWIFT_DEFAULT_ACTOR_ISOLATION = MainActor;
				SWIFT_EMIT_LOC_STRINGS = YES;
				SWIFT_UPCOMING_FEATURE_MEMBER_IMPORT_VISIBILITY = YES;
				SWIFT_VERSION = 5.0;
				TARGETED_DEVICE_FAMILY = "1,2";
			};
			name = Debug;
		};
		0023C1E530657564000ED0A3 /* Release configuration for PBXNativeTarget "Pixel Helper (iOS)" */ = {
			isa = XCBuildConfiguration;
			buildSettings = {
				ASSETCATALOG_COMPILER_APPICON_NAME = AppIcon;
				ASSETCATALOG_COMPILER_GLOBAL_ACCENT_COLOR_NAME = AccentColor;
				CODE_SIGN_STYLE = Automatic;
				CURRENT_PROJECT_VERSION = 1;
				GENERATE_INFOPLIST_FILE = YES;
				INFOPLIST_FILE = "iOS (App)/Info.plist";
				INFOPLIST_KEY_CFBundleDisplayName = "Pixel Helper";
				INFOPLIST_KEY_UIApplicationSupportsIndirectInputEvents = YES;
				INFOPLIST_KEY_UILaunchStoryboardName = LaunchScreen;
				INFOPLIST_KEY_UIMainStoryboardFile = Main;
				INFOPLIST_KEY_UISupportedInterfaceOrientations = "UIInterfaceOrientationPortrait UIInterfaceOrientationLandscapeLeft UIInterfaceOrientationLandscapeRight";
				INFOPLIST_KEY_UISupportedInterfaceOrientations_iPad = "UIInterfaceOrientationPortrait UIInterfaceOrientationPortraitUpsideDown UIInterfaceOrientationLandscapeLeft UIInterfaceOrientationLandscapeRight";
				IPHONEOS_DEPLOYMENT_TARGET = 17.0;
				LD_RUNPATH_SEARCH_PATHS = (
					"$(inherited)",
					"@executable_path/Frameworks",
				);
				MARKETING_VERSION = 1.0;
				OTHER_LDFLAGS = (
					"-framework",
					SafariServices,
					"-framework",
					WebKit,
				);
				PRODUCT_BUNDLE_IDENTIFIER = "com.szamowski.Pixel-Helper";
				PRODUCT_NAME = "Pixel Helper";
				SDKROOT = iphoneos;
				STRING_CATALOG_GENERATE_SYMBOLS = YES;
				SWIFT_APPROACHABLE_CONCURRENCY = YES;
				SWIFT_DEFAULT_ACTOR_ISOLATION = MainActor;
				SWIFT_EMIT_LOC_STRINGS = YES;
				SWIFT_UPCOMING_FEATURE_MEMBER_IMPORT_VISIBILITY = YES;
				SWIFT_VERSION = 5.0;
				TARGETED_DEVICE_FAMILY = "1,2";
				VALIDATE_PRODUCT = YES;
			};
			name = Release;
		};
		0023C1E930657564000ED0A3 /* Debug configuration for PBXNativeTarget "Pixel Helper Extension (macOS)" */ = {
			isa = XCBuildConfiguration;
			buildSettings = {
				CODE_SIGN_STYLE = Automatic;
				CURRENT_PROJECT_VERSION = 1;
				ENABLE_APP_SANDBOX = YES;
				ENABLE_HARDENED_RUNTIME = YES;
				ENABLE_USER_SELECTED_FILES = readonly;
				GENERATE_INFOPLIST_FILE = YES;
				INFOPLIST_FILE = "macOS (Extension)/Info.plist";
				INFOPLIST_KEY_CFBundleDisplayName = "Pixel Helper Extension";
				INFOPLIST_KEY_NSHumanReadableCopyright = "";
				LD_RUNPATH_SEARCH_PATHS = (
					"$(inherited)",
					"@executable_path/../Frameworks",
					"@executable_path/../../../../Frameworks",
				);
				MACOSX_DEPLOYMENT_TARGET = 12.0;
				MARKETING_VERSION = 1.0;
				OTHER_LDFLAGS = (
					"-framework",
					SafariServices,
				);
				PRODUCT_BUNDLE_IDENTIFIER = "com.szamowski.Pixel-Helper.Extension";
				PRODUCT_NAME = "Pixel Helper Extension";
				SDKROOT = macosx;
				SKIP_INSTALL = YES;
				STRING_CATALOG_GENERATE_SYMBOLS = YES;
				SWIFT_APPROACHABLE_CONCURRENCY = YES;
				SWIFT_EMIT_LOC_STRINGS = YES;
				SWIFT_UPCOMING_FEATURE_MEMBER_IMPORT_VISIBILITY = YES;
				SWIFT_VERSION = 5.0;
			};
			name = Debug;
		};
		0023C1EA30657564000ED0A3 /* Release configuration for PBXNativeTarget "Pixel Helper Extension (macOS)" */ = {
			isa = XCBuildConfiguration;
			buildSettings = {
				CODE_SIGN_STYLE = Automatic;
				CURRENT_PROJECT_VERSION = 1;
				ENABLE_APP_SANDBOX = YES;
				ENABLE_HARDENED_RUNTIME = YES;
				ENABLE_USER_SELECTED_FILES = readonly;
				GENERATE_INFOPLIST_FILE = YES;
				INFOPLIST_FILE = "macOS (Extension)/Info.plist";
				INFOPLIST_KEY_CFBundleDisplayName = "Pixel Helper Extension";
				INFOPLIST_KEY_NSHumanReadableCopyright = "";
				LD_RUNPATH_SEARCH_PATHS = (
					"$(inherited)",
					"@executable_path/../Frameworks",
					"@executable_path/../../../../Frameworks",
				);
				MACOSX_DEPLOYMENT_TARGET = 12.0;
				MARKETING_VERSION = 1.0;
				OTHER_LDFLAGS = (
					"-framework",
					SafariServices,
				);
				PRODUCT_BUNDLE_IDENTIFIER = "com.szamowski.Pixel-Helper.Extension";
				PRODUCT_NAME = "Pixel Helper Extension";
				SDKROOT = macosx;
				SKIP_INSTALL = YES;
				STRING_CATALOG_GENERATE_SYMBOLS = YES;
				SWIFT_APPROACHABLE_CONCURRENCY = YES;
				SWIFT_EMIT_LOC_STRINGS = YES;
				SWIFT_UPCOMING_FEATURE_MEMBER_IMPORT_VISIBILITY = YES;
				SWIFT_VERSION = 5.0;
			};
			name = Release;
		};
		0023C1EE30657564000ED0A3 /* Debug configuration for PBXNativeTarget "Pixel Helper (macOS)" */ = {
			isa = XCBuildConfiguration;
			buildSettings = {
				ASSETCATALOG_COMPILER_APPICON_NAME = AppIcon;
				ASSETCATALOG_COMPILER_GLOBAL_ACCENT_COLOR_NAME = AccentColor;
				CODE_SIGN_STYLE = Automatic;
				CURRENT_PROJECT_VERSION = 1;
				ENABLE_APP_SANDBOX = YES;
				ENABLE_HARDENED_RUNTIME = YES;
				ENABLE_OUTGOING_NETWORK_CONNECTIONS = YES;
				ENABLE_USER_SELECTED_FILES = readonly;
				GENERATE_INFOPLIST_FILE = YES;
				INFOPLIST_KEY_CFBundleDisplayName = "Pixel Helper";
				INFOPLIST_KEY_NSMainStoryboardFile = Main;
				INFOPLIST_KEY_NSPrincipalClass = NSApplication;
				LD_RUNPATH_SEARCH_PATHS = (
					"$(inherited)",
					"@executable_path/../Frameworks",
				);
				MACOSX_DEPLOYMENT_TARGET = 12.0;
				MARKETING_VERSION = 1.0;
				OTHER_LDFLAGS = (
					"-framework",
					SafariServices,
					"-framework",
					WebKit,
				);
				PRODUCT_BUNDLE_IDENTIFIER = "com.szamowski.Pixel-Helper";
				PRODUCT_NAME = "Pixel Helper";
				REGISTER_APP_GROUPS = YES;
				SDKROOT = macosx;
				STRING_CATALOG_GENERATE_SYMBOLS = YES;
				SWIFT_APPROACHABLE_CONCURRENCY = YES;
				SWIFT_DEFAULT_ACTOR_ISOLATION = MainActor;
				SWIFT_EMIT_LOC_STRINGS = YES;
				SWIFT_UPCOMING_FEATURE_MEMBER_IMPORT_VISIBILITY = YES;
				SWIFT_VERSION = 5.0;
			};
			name = Debug;
		};
		0023C1EF30657564000ED0A3 /* Release configuration for PBXNativeTarget "Pixel Helper (macOS)" */ = {
			isa = XCBuildConfiguration;
			buildSettings = {
				ASSETCATALOG_COMPILER_APPICON_NAME = AppIcon;
				ASSETCATALOG_COMPILER_GLOBAL_ACCENT_COLOR_NAME = AccentColor;
				CODE_SIGN_STYLE = Automatic;
				CURRENT_PROJECT_VERSION = 1;
				ENABLE_APP_SANDBOX = YES;
				ENABLE_HARDENED_RUNTIME = YES;
				ENABLE_OUTGOING_NETWORK_CONNECTIONS = YES;
				ENABLE_USER_SELECTED_FILES = readonly;
				GENERATE_INFOPLIST_FILE = YES;
				INFOPLIST_KEY_CFBundleDisplayName = "Pixel Helper";
				INFOPLIST_KEY_NSMainStoryboardFile = Main;
				INFOPLIST_KEY_NSPrincipalClass = NSApplication;
				LD_RUNPATH_SEARCH_PATHS = (
					"$(inherited)",
					"@executable_path/../Frameworks",
				);
				MACOSX_DEPLOYMENT_TARGET = 12.0;
				MARKETING_VERSION = 1.0;
				OTHER_LDFLAGS = (
					"-framework",
					SafariServices,
					"-framework",
					WebKit,
				);
				PRODUCT_BUNDLE_IDENTIFIER = "com.szamowski.Pixel-Helper";
				PRODUCT_NAME = "Pixel Helper";
				REGISTER_APP_GROUPS = YES;
				SDKROOT = macosx;
				STRING_CATALOG_GENERATE_SYMBOLS = YES;
				SWIFT_APPROACHABLE_CONCURRENCY = YES;
				SWIFT_DEFAULT_ACTOR_ISOLATION = MainActor;
				SWIFT_EMIT_LOC_STRINGS = YES;
				SWIFT_UPCOMING_FEATURE_MEMBER_IMPORT_VISIBILITY = YES;
				SWIFT_VERSION = 5.0;
			};
			name = Release;
		};
		0023C1F230657564000ED0A3 /* Debug configuration for PBXProject "Pixel Helper" */ = {
			isa = XCBuildConfiguration;
			buildSettings = {
				ALWAYS_SEARCH_USER_PATHS = NO;
				ASSETCATALOG_COMPILER_GENERATE_SWIFT_ASSET_SYMBOL_EXTENSIONS = YES;
				CLANG_ANALYZER_NONNULL = YES;
				CLANG_ANALYZER_NUMBER_OBJECT_CONVERSION = YES_AGGRESSIVE;
				CLANG_CXX_LANGUAGE_STANDARD = "gnu++20";
				CLANG_ENABLE_MODULES = YES;
				CLANG_ENABLE_OBJC_ARC = YES;
				CLANG_ENABLE_OBJC_WEAK = YES;
				CLANG_WARN_BLOCK_CAPTURE_AUTORELEASING = YES;
				CLANG_WARN_BOOL_CONVERSION = YES;
				CLANG_WARN_COMMA = YES;
				CLANG_WARN_CONSTANT_CONVERSION = YES;
				CLANG_WARN_DEPRECATED_OBJC_IMPLEMENTATIONS = YES;
				CLANG_WARN_DIRECT_OBJC_ISA_USAGE = YES_ERROR;
				CLANG_WARN_DOCUMENTATION_COMMENTS = YES;
				CLANG_WARN_EMPTY_BODY = YES;
				CLANG_WARN_ENUM_CONVERSION = YES;
				CLANG_WARN_INFINITE_RECURSION = YES;
				CLANG_WARN_INT_CONVERSION = YES;
				CLANG_WARN_NON_LITERAL_NULL_CONVERSION = YES;
				CLANG_WARN_OBJC_IMPLICIT_RETAIN_SELF = YES;
				CLANG_WARN_OBJC_LITERAL_CONVERSION = YES;
				CLANG_WARN_OBJC_ROOT_CLASS = YES_ERROR;
				CLANG_WARN_QUOTED_INCLUDE_IN_FRAMEWORK_HEADER = YES;
				CLANG_WARN_RANGE_LOOP_ANALYSIS = YES;
				CLANG_WARN_STRICT_PROTOTYPES = YES;
				CLANG_WARN_SUSPICIOUS_MOVE = YES;
				CLANG_WARN_UNGUARDED_AVAILABILITY = YES_AGGRESSIVE;
				CLANG_WARN_UNREACHABLE_CODE = YES;
				CLANG_WARN__DUPLICATE_METHOD_MATCH = YES;
				COPY_PHASE_STRIP = NO;
				DEBUG_INFORMATION_FORMAT = dwarf;
				ENABLE_STRICT_OBJC_MSGSEND = YES;
				ENABLE_TESTABILITY = YES;
				ENABLE_USER_SCRIPT_SANDBOXING = YES;
				GCC_C_LANGUAGE_STANDARD = gnu17;
				GCC_DYNAMIC_NO_PIC = NO;
				GCC_NO_COMMON_BLOCKS = YES;
				GCC_OPTIMIZATION_LEVEL = 0;
				GCC_PREPROCESSOR_DEFINITIONS = (
					"DEBUG=1",
					"$(inherited)",
				);
				GCC_WARN_64_TO_32_BIT_CONVERSION = YES;
				GCC_WARN_ABOUT_RETURN_TYPE = YES_ERROR;
				GCC_WARN_UNDECLARED_SELECTOR = YES;
				GCC_WARN_UNINITIALIZED_AUTOS = YES_AGGRESSIVE;
				GCC_WARN_UNUSED_FUNCTION = YES;
				GCC_WARN_UNUSED_VARIABLE = YES;
				LOCALIZATION_PREFERS_STRING_CATALOGS = YES;
				MTL_ENABLE_DEBUG_INFO = INCLUDE_SOURCE;
				MTL_FAST_MATH = YES;
				ONLY_ACTIVE_ARCH = YES;
				SWIFT_ACTIVE_COMPILATION_CONDITIONS = "DEBUG $(inherited)";
				SWIFT_OPTIMIZATION_LEVEL = "-Onone";
			};
			name = Debug;
		};
		0023C1F330657564000ED0A3 /* Release configuration for PBXProject "Pixel Helper" */ = {
			isa = XCBuildConfiguration;
			buildSettings = {
				ALWAYS_SEARCH_USER_PATHS = NO;
				ASSETCATALOG_COMPILER_GENERATE_SWIFT_ASSET_SYMBOL_EXTENSIONS = YES;
				CLANG_ANALYZER_NONNULL = YES;
				CLANG_ANALYZER_NUMBER_OBJECT_CONVERSION = YES_AGGRESSIVE;
				CLANG_CXX_LANGUAGE_STANDARD = "gnu++20";
				CLANG_ENABLE_MODULES = YES;
				CLANG_ENABLE_OBJC_ARC = YES;
				CLANG_ENABLE_OBJC_WEAK = YES;
				CLANG_WARN_BLOCK_CAPTURE_AUTORELEASING = YES;
				CLANG_WARN_BOOL_CONVERSION = YES;
				CLANG_WARN_COMMA = YES;
				CLANG_WARN_CONSTANT_CONVERSION = YES;
				CLANG_WARN_DEPRECATED_OBJC_IMPLEMENTATIONS = YES;
				CLANG_WARN_DIRECT_OBJC_ISA_USAGE = YES_ERROR;
				CLANG_WARN_DOCUMENTATION_COMMENTS = YES;
				CLANG_WARN_EMPTY_BODY = YES;
				CLANG_WARN_ENUM_CONVERSION = YES;
				CLANG_WARN_INFINITE_RECURSION = YES;
				CLANG_WARN_INT_CONVERSION = YES;
				CLANG_WARN_NON_LITERAL_NULL_CONVERSION = YES;
				CLANG_WARN_OBJC_IMPLICIT_RETAIN_SELF = YES;
				CLANG_WARN_OBJC_LITERAL_CONVERSION = YES;
				CLANG_WARN_OBJC_ROOT_CLASS = YES_ERROR;
				CLANG_WARN_QUOTED_INCLUDE_IN_FRAMEWORK_HEADER = YES;
				CLANG_WARN_RANGE_LOOP_ANALYSIS = YES;
				CLANG_WARN_STRICT_PROTOTYPES = YES;
				CLANG_WARN_SUSPICIOUS_MOVE = YES;
				CLANG_WARN_UNGUARDED_AVAILABILITY = YES_AGGRESSIVE;
				CLANG_WARN_UNREACHABLE_CODE = YES;
				CLANG_WARN__DUPLICATE_METHOD_MATCH = YES;
				COPY_PHASE_STRIP = NO;
				DEBUG_INFORMATION_FORMAT = "dwarf-with-dsym";
				ENABLE_NS_ASSERTIONS = NO;
				ENABLE_STRICT_OBJC_MSGSEND = YES;
				ENABLE_USER_SCRIPT_SANDBOXING = YES;
				GCC_C_LANGUAGE_STANDARD = gnu17;
				GCC_NO_COMMON_BLOCKS = YES;
				GCC_WARN_64_TO_32_BIT_CONVERSION = YES;
				GCC_WARN_ABOUT_RETURN_TYPE = YES_ERROR;
				GCC_WARN_UNDECLARED_SELECTOR = YES;
				GCC_WARN_UNINITIALIZED_AUTOS = YES_AGGRESSIVE;
				GCC_WARN_UNUSED_FUNCTION = YES;
				GCC_WARN_UNUSED_VARIABLE = YES;
				LOCALIZATION_PREFERS_STRING_CATALOGS = YES;
				MTL_ENABLE_DEBUG_INFO = NO;
				MTL_FAST_MATH = YES;
				SWIFT_COMPILATION_MODE = wholemodule;
			};
			name = Release;
		};
/* End XCBuildConfiguration section */

/* Begin XCConfigurationList section */
		0023C17930657563000ED0A3 /* Build configuration list for PBXProject "Pixel Helper" */ = {
			isa = XCConfigurationList;
			buildConfigurations = (
				0023C1F230657564000ED0A3 /* Debug configuration for PBXProject "Pixel Helper" */,
				0023C1F330657564000ED0A3 /* Release configuration for PBXProject "Pixel Helper" */,
			);
			defaultConfigurationName = Release;
		};
		0023C1DE30657564000ED0A3 /* Build configuration list for PBXNativeTarget "Pixel Helper Extension (iOS)" */ = {
			isa = XCConfigurationList;
			buildConfigurations = (
				0023C1DF30657564000ED0A3 /* Debug configuration for PBXNativeTarget "Pixel Helper Extension (iOS)" */,
				0023C1E030657564000ED0A3 /* Release configuration for PBXNativeTarget "Pixel Helper Extension (iOS)" */,
			);
			defaultConfigurationName = Release;
		};
		0023C1E330657564000ED0A3 /* Build configuration list for PBXNativeTarget "Pixel Helper (iOS)" */ = {
			isa = XCConfigurationList;
			buildConfigurations = (
				0023C1E430657564000ED0A3 /* Debug configuration for PBXNativeTarget "Pixel Helper (iOS)" */,
				0023C1E530657564000ED0A3 /* Release configuration for PBXNativeTarget "Pixel Helper (iOS)" */,
			);
			defaultConfigurationName = Release;
		};
		0023C1E830657564000ED0A3 /* Build configuration list for PBXNativeTarget "Pixel Helper Extension (macOS)" */ = {
			isa = XCConfigurationList;
			buildConfigurations = (
				0023C1E930657564000ED0A3 /* Debug configuration for PBXNativeTarget "Pixel Helper Extension (macOS)" */,
				0023C1EA30657564000ED0A3 /* Release configuration for PBXNativeTarget "Pixel Helper Extension (macOS)" */,
			);
			defaultConfigurationName = Release;
		};
		0023C1ED30657564000ED0A3 /* Build configuration list for PBXNativeTarget "Pixel Helper (macOS)" */ = {
			isa = XCConfigurationList;
			buildConfigurations = (
				0023C1EE30657564000ED0A3 /* Debug configuration for PBXNativeTarget "Pixel Helper (macOS)" */,
				0023C1EF30657564000ED0A3 /* Release configuration for PBXNativeTarget "Pixel Helper (macOS)" */,
			);
			defaultConfigurationName = Release;
		};
/* End XCConfigurationList section */
	};
	rootObject = 0023C17630657563000ED0A3 /* Project object */;
	validationLevel = 1;
}
